
Microsoft Visual Studio Solution File, Format Version 12.00
# Visual Studio 15
VisualStudioVersion = 15.0.26228.9
MinimumVisualStudioVersion = 10.0.40219.1
Project("{FAE04EC0-301F-11D3-BF4B-00C04F79EFBC}") = "Curs_Valutar", "Curs_Valutar\Curs_Valutar.csproj", "{9E749BD5-E146-4371-A31E-ED43085EA3E6}"
EndProject
Global
	GlobalSection(SolutionConfigurationPlatforms) = preSolution
		Debug|Any CPU = Debug|Any CPU
		Release|Any CPU = Release|Any CPU
	EndGlobalSection
	GlobalSection(ProjectConfigurationPlatforms) = postSolution
		{9E749BD5-E146-4371-A31E-ED43085EA3E6}.Debug|Any CPU.ActiveCfg = Debug|Any CPU
		{9E749BD5-E146-4371-A31E-ED43085EA3E6}.Debug|Any CPU.Build.0 = Debug|Any CPU
		{9E749BD5-E146-4371-A31E-ED43085EA3E6}.Release|Any CPU.ActiveCfg = Release|Any CPU
		{9E749BD5-E146-4371-A31E-ED43085EA3E6}.Release|Any CPU.Build.0 = Release|Any CPU
	EndGlobalSection
	GlobalSection(SolutionProperties) = preSolution
		HideSolutionNode = FALSE
	EndGlobalSection
EndGlobal
